
Microsoft Visual Studio Solution File, Format Version 12.00
# Visual Studio 15
Project("{FAE04EC0-301F-11D3-BF4B-00C04F79EFBC}") = "Assembly-CSharp", "Assembly-CSharp.csproj", "{B5F2D55B-E451-47A8-3C80-32B41FE5FDBC}"
EndProject
Global
	GlobalSection(SolutionConfigurationPlatforms) = preSolution
		Debug|Any CPU = Debug|Any CPU
		Release|Any CPU = Release|Any CPU
	EndGlobalSection
	GlobalSection(ProjectConfigurationPlatforms) = postSolution
		{B5F2D55B-E451-47A8-3C80-32B41FE5FDBC}.Debug|Any CPU.ActiveCfg = Debug|Any CPU
		{B5F2D55B-E451-47A8-3C80-32B41FE5FDBC}.Debug|Any CPU.Build.0 = Debug|Any CPU
		{B5F2D55B-E451-47A8-3C80-32B41FE5FDBC}.Release|Any CPU.ActiveCfg = Release|Any CPU
		{B5F2D55B-E451-47A8-3C80-32B41FE5FDBC}.Release|Any CPU.Build.0 = Release|Any CPU
	EndGlobalSection
	GlobalSection(SolutionProperties) = preSolution
		HideSolutionNode = FALSE
	EndGlobalSection
EndGlobal
